
Microsoft Visual Studio Solution File, Format Version 12.00
# Visual Studio 15
VisualStudioVersion = 15.0.28010.2041
MinimumVisualStudioVersion = 10.0.40219.1
Project("{FAE04EC0-301F-11D3-BF4B-00C04F79EFBC}") = "Our.Umbraco.Look", "Our.Umbraco.Look\Our.Umbraco.Look.csproj", "{2FE19117-C0A1-4A9C-BEE0-C35FCC2355E4}"
EndProject
Global
	GlobalSection(SolutionConfigurationPlatforms) = preSolution
		Debug|Any CPU = Debug|Any CPU
		Release|Any CPU = Release|Any CPU
	EndGlobalSection
	GlobalSection(ProjectConfigurationPlatforms) = postSolution
		{2FE19117-C0A1-4A9C-BEE0-C35FCC2355E4}.Debug|Any CPU.ActiveCfg = Debug|Any CPU
		{2FE19117-C0A1-4A9C-BEE0-C35FCC2355E4}.Debug|Any CPU.Build.0 = Debug|Any CPU
		{2FE19117-C0A1-4A9C-BEE0-C35FCC2355E4}.Release|Any CPU.ActiveCfg = Release|Any CPU
		{2FE19117-C0A1-4A9C-BEE0-C35FCC2355E4}.Release|Any CPU.Build.0 = Release|Any CPU
	EndGlobalSection
	GlobalSection(SolutionProperties) = preSolution
		HideSolutionNode = FALSE
	EndGlobalSection
	GlobalSection(ExtensibilityGlobals) = postSolution
		SolutionGuid = {D7ED6D10-1EC7-4DCF-86F1-8F15A0E46A81}
	EndGlobalSection
EndGlobal
